
Microsoft Visual Studio Solution File, Format Version 12.00
# Visual Studio 2012
Project("{FAE04EC0-301F-11D3-BF4B-00C04F79EFBC}") = "shrenky.projects.workflowtrigger", "shrenky.projects.workflowtrigger\shrenky.projects.workflowtrigger.csproj", "{243CEC5B-E6F2-4FCA-A666-B127941B4EF6}"
EndProject
Project("{FAE04EC0-301F-11D3-BF4B-00C04F79EFBC}") = "shrenky.projects.flyoutfield", "shrenky.projects.flyoutfield\shrenky.projects.flyoutfield.csproj", "{9A326E2C-97B2-46C0-AED4-5E6EA9A8D222}"
EndProject
Project("{FAE04EC0-301F-11D3-BF4B-00C04F79EFBC}") = "shrenky.projects.admanager", "shrenky.projects.admanager\shrenky.projects.admanager.csproj", "{243A31A4-08BE-4C74-AB66-08B2CC45E64D}"
EndProject
Project("{FAE04EC0-301F-11D3-BF4B-00C04F79EFBC}") = "shrenky.projects.workflowtest", "shrenky.projects.workflowtest\shrenky.projects.workflowtest.csproj", "{EB9C94B9-91B4-4F66-9763-6CE637901145}"
EndProject
Project("{FAE04EC0-301F-11D3-BF4B-00C04F79EFBC}") = "shrenky.projects.watermark", "shrenky.projects.watermark\shrenky.projects.watermark.csproj", "{181A4C23-4E25-4912-915D-A1BFBEBBDB4F}"
EndProject
Project("{FAE04EC0-301F-11D3-BF4B-00C04F79EFBC}") = "shrenky.projects.watermark.console", "shrenky.projects.watermark.console\shrenky.projects.watermark.console.csproj", "{A551ACD9-2014-40CE-83EA-838679DFFE2B}"
EndProject
Global
	GlobalSection(SolutionConfigurationPlatforms) = preSolution
		Debug|Any CPU = Debug|Any CPU
		Debug|Mixed Platforms = Debug|Mixed Platforms
		Debug|x86 = Debug|x86
		Release|Any CPU = Release|Any CPU
		Release|Mixed Platforms = Release|Mixed Platforms
		Release|x86 = Release|x86
	EndGlobalSection
	GlobalSection(ProjectConfigurationPlatforms) = postSolution
		{243CEC5B-E6F2-4FCA-A666-B127941B4EF6}.Debug|Any CPU.ActiveCfg = Debug|Any CPU
		{243CEC5B-E6F2-4FCA-A666-B127941B4EF6}.Debug|Any CPU.Build.0 = Debug|Any CPU
		{243CEC5B-E6F2-4FCA-A666-B127941B4EF6}.Debug|Any CPU.Deploy.0 = Debug|Any CPU
		{243CEC5B-E6F2-4FCA-A666-B127941B4EF6}.Debug|Mixed Platforms.ActiveCfg = Debug|Any CPU
		{243CEC5B-E6F2-4FCA-A666-B127941B4EF6}.Debug|Mixed Platforms.Build.0 = Debug|Any CPU
		{243CEC5B-E6F2-4FCA-A666-B127941B4EF6}.Debug|Mixed Platforms.Deploy.0 = Debug|Any CPU
		{243CEC5B-E6F2-4FCA-A666-B127941B4EF6}.Debug|x86.ActiveCfg = Debug|Any CPU
		{243CEC5B-E6F2-4FCA-A666-B127941B4EF6}.Release|Any CPU.ActiveCfg = Release|Any CPU
		{243CEC5B-E6F2-4FCA-A666-B127941B4EF6}.Release|Any CPU.Build.0 = Release|Any CPU
		{243CEC5B-E6F2-4FCA-A666-B127941B4EF6}.Release|Any CPU.Deploy.0 = Release|Any CPU
		{243CEC5B-E6F2-4FCA-A666-B127941B4EF6}.Release|Mixed Platforms.ActiveCfg = Release|Any CPU
		{243CEC5B-E6F2-4FCA-A666-B127941B4EF6}.Release|Mixed Platforms.Build.0 = Release|Any CPU
		{243CEC5B-E6F2-4FCA-A666-B127941B4EF6}.Release|Mixed Platforms.Deploy.0 = Release|Any CPU
		{243CEC5B-E6F2-4FCA-A666-B127941B4EF6}.Release|x86.ActiveCfg = Release|Any CPU
		{9A326E2C-97B2-46C0-AED4-5E6EA9A8D222}.Debug|Any CPU.ActiveCfg = Debug|Any CPU
		{9A326E2C-97B2-46C0-AED4-5E6EA9A8D222}.Debug|Any CPU.Build.0 = Debug|Any CPU
		{9A326E2C-97B2-46C0-AED4-5E6EA9A8D222}.Debug|Any CPU.Deploy.0 = Debug|Any CPU
		{9A326E2C-97B2-46C0-AED4-5E6EA9A8D222}.Debug|Mixed Platforms.ActiveCfg = Debug|Any CPU
		{9A326E2C-97B2-46C0-AED4-5E6EA9A8D222}.Debug|Mixed Platforms.Build.0 = Debug|Any CPU
		{9A326E2C-97B2-46C0-AED4-5E6EA9A8D222}.Debug|Mixed Platforms.Deploy.0 = Debug|Any CPU
		{9A326E2C-97B2-46C0-AED4-5E6EA9A8D222}.Debug|x86.ActiveCfg = Debug|Any CPU
		{9A326E2C-97B2-46C0-AED4-5E6EA9A8D222}.Release|Any CPU.ActiveCfg = Release|Any CPU
		{9A326E2C-97B2-46C0-AED4-5E6EA9A8D222}.Release|Any CPU.Build.0 = Release|Any CPU
		{9A326E2C-97B2-46C0-AED4-5E6EA9A8D222}.Release|Any CPU.Deploy.0 = Release|Any CPU
		{9A326E2C-97B2-46C0-AED4-5E6EA9A8D222}.Release|Mixed Platforms.ActiveCfg = Release|Any CPU
		{9A326E2C-97B2-46C0-AED4-5E6EA9A8D222}.Release|Mixed Platforms.Build.0 = Release|Any CPU
		{9A326E2C-97B2-46C0-AED4-5E6EA9A8D222}.Release|Mixed Platforms.Deploy.0 = Release|Any CPU
		{9A326E2C-97B2-46C0-AED4-5E6EA9A8D222}.Release|x86.ActiveCfg = Release|Any CPU
		{243A31A4-08BE-4C74-AB66-08B2CC45E64D}.Debug|Any CPU.ActiveCfg = Debug|Any CPU
		{243A31A4-08BE-4C74-AB66-08B2CC45E64D}.Debug|Any CPU.Build.0 = Debug|Any CPU
		{243A31A4-08BE-4C74-AB66-08B2CC45E64D}.Debug|Any CPU.Deploy.0 = Debug|Any CPU
		{243A31A4-08BE-4C74-AB66-08B2CC45E64D}.Debug|Mixed Platforms.ActiveCfg = Debug|Any CPU
		{243A31A4-08BE-4C74-AB66-08B2CC45E64D}.Debug|Mixed Platforms.Build.0 = Debug|Any CPU
		{243A31A4-08BE-4C74-AB66-08B2CC45E64D}.Debug|Mixed Platforms.Deploy.0 = Debug|Any CPU
		{243A31A4-08BE-4C74-AB66-08B2CC45E64D}.Debug|x86.ActiveCfg = Debug|Any CPU
		{243A31A4-08BE-4C74-AB66-08B2CC45E64D}.Release|Any CPU.ActiveCfg = Release|Any CPU
		{243A31A4-08BE-4C74-AB66-08B2CC45E64D}.Release|Any CPU.Build.0 = Release|Any CPU
		{243A31A4-08BE-4C74-AB66-08B2CC45E64D}.Release|Any CPU.Deploy.0 = Release|Any CPU
		{243A31A4-08BE-4C74-AB66-08B2CC45E64D}.Release|Mixed Platforms.ActiveCfg = Release|Any CPU
		{243A31A4-08BE-4C74-AB66-08B2CC45E64D}.Release|Mixed Platforms.Build.0 = Release|Any CPU
		{243A31A4-08BE-4C74-AB66-08B2CC45E64D}.Release|Mixed Platforms.Deploy.0 = Release|Any CPU
		{243A31A4-08BE-4C74-AB66-08B2CC45E64D}.Release|x86.ActiveCfg = Release|Any CPU
		{EB9C94B9-91B4-4F66-9763-6CE637901145}.Debug|Any CPU.ActiveCfg = Debug|x86
		{EB9C94B9-91B4-4F66-9763-6CE637901145}.Debug|Mixed Platforms.ActiveCfg = Debug|x86
		{EB9C94B9-91B4-4F66-9763-6CE637901145}.Debug|Mixed Platforms.Build.0 = Debug|x86
		{EB9C94B9-91B4-4F66-9763-6CE637901145}.Debug|x86.ActiveCfg = Debug|x86
		{EB9C94B9-91B4-4F66-9763-6CE637901145}.Debug|x86.Build.0 = Debug|x86
		{EB9C94B9-91B4-4F66-9763-6CE637901145}.Release|Any CPU.ActiveCfg = Release|x86
		{EB9C94B9-91B4-4F66-9763-6CE637901145}.Release|Mixed Platforms.ActiveCfg = Release|x86
		{EB9C94B9-91B4-4F66-9763-6CE637901145}.Release|Mixed Platforms.Build.0 = Release|x86
		{EB9C94B9-91B4-4F66-9763-6CE637901145}.Release|x86.ActiveCfg = Release|x86
		{EB9C94B9-91B4-4F66-9763-6CE637901145}.Release|x86.Build.0 = Release|x86
		{181A4C23-4E25-4912-915D-A1BFBEBBDB4F}.Debug|Any CPU.ActiveCfg = Debug|Any CPU
		{181A4C23-4E25-4912-915D-A1BFBEBBDB4F}.Debug|Any CPU.Build.0 = Debug|Any CPU
		{181A4C23-4E25-4912-915D-A1BFBEBBDB4F}.Debug|Any CPU.Deploy.0 = Debug|Any CPU
		{181A4C23-4E25-4912-915D-A1BFBEBBDB4F}.Debug|Mixed Platforms.ActiveCfg = Debug|Any CPU
		{181A4C23-4E25-4912-915D-A1BFBEBBDB4F}.Debug|Mixed Platforms.Build.0 = Debug|Any CPU
		{181A4C23-4E25-4912-915D-A1BFBEBBDB4F}.Debug|Mixed Platforms.Deploy.0 = Debug|Any CPU
		{181A4C23-4E25-4912-915D-A1BFBEBBDB4F}.Debug|x86.ActiveCfg = Debug|Any CPU
		{181A4C23-4E25-4912-915D-A1BFBEBBDB4F}.Release|Any CPU.ActiveCfg = Release|Any CPU
		{181A4C23-4E25-4912-915D-A1BFBEBBDB4F}.Release|Any CPU.Build.0 = Release|Any CPU
		{181A4C23-4E25-4912-915D-A1BFBEBBDB4F}.Release|Any CPU.Deploy.0 = Release|Any CPU
		{181A4C23-4E25-4912-915D-A1BFBEBBDB4F}.Release|Mixed Platforms.ActiveCfg = Release|Any CPU
		{181A4C23-4E25-4912-915D-A1BFBEBBDB4F}.Release|Mixed Platforms.Build.0 = Release|Any CPU
		{181A4C23-4E25-4912-915D-A1BFBEBBDB4F}.Release|Mixed Platforms.Deploy.0 = Release|Any CPU
		{181A4C23-4E25-4912-915D-A1BFBEBBDB4F}.Release|x86.ActiveCfg = Release|Any CPU
		{A551ACD9-2014-40CE-83EA-838679DFFE2B}.Debug|Any CPU.ActiveCfg = Debug|Any CPU
		{A551ACD9-2014-40CE-83EA-838679DFFE2B}.Debug|Any CPU.Build.0 = Debug|Any CPU
		{A551ACD9-2014-40CE-83EA-838679DFFE2B}.Debug|Mixed Platforms.ActiveCfg = Debug|Any CPU
		{A551ACD9-2014-40CE-83EA-838679DFFE2B}.Debug|Mixed Platforms.Build.0 = Debug|Any CPU
		{A551ACD9-2014-40CE-83EA-838679DFFE2B}.Debug|x86.ActiveCfg = Debug|Any CPU
		{A551ACD9-2014-40CE-83EA-838679DFFE2B}.Release|Any CPU.ActiveCfg = Release|Any CPU
		{A551ACD9-2014-40CE-83EA-838679DFFE2B}.Release|Any CPU.Build.0 = Release|Any CPU
		{A551ACD9-2014-40CE-83EA-838679DFFE2B}.Release|Mixed Platforms.ActiveCfg = Release|Any CPU
		{A551ACD9-2014-40CE-83EA-838679DFFE2B}.Release|Mixed Platforms.Build.0 = Release|Any CPU
		{A551ACD9-2014-40CE-83EA-838679DFFE2B}.Release|x86.ActiveCfg = Release|Any CPU
	EndGlobalSection
	GlobalSection(SolutionProperties) = preSolution
		HideSolutionNode = FALSE
	EndGlobalSection
EndGlobal
